// !$*UTF8*$!
{
	archiveVersion = 1;
	classes = {
	};
	objectVersion = 77;
	objects = {

/* Begin PBXBuildFile section */
		D0A1B2C3D4E5F6012345678B /* WhisperKit in Frameworks */ = {isa = PBXBuildFile; productRef = D0A1B2C3D4E5F6012345678A /* WhisperKit */; };
/* End PBXBuildFile section */

/* Begin PBXContainerItemProxy section */
		DB848D5E2F906A3300DF8471 /* PBXContainerItemProxy */ = {
			isa = PBXContainerItemProxy;
			containerPortal = DB848D462F906A3100DF8471 /* Project object */;
			proxyType = 1;
			remoteGlobalIDString = DB848D4D2F906A3100DF8471;
			remoteInfo = NotchMove;
		};
		DB848D682F906A3300DF8471 /* PBXContainerItemProxy */ = {
			isa = PBXContainerItemProxy;
			containerPortal = DB848D462F906A3100DF8471 /* Project object */;
			proxyType = 1;
			remoteGlobalIDString = DB848D4D2F906A3100DF8471;
			remoteInfo = NotchMove;
		};
/* End PBXContainerItemProxy section */

/* Begin PBXFileReference section */
		DB848D4E2F906A3100DF8471 /* NotchMove.app */ = {isa = PBXFileReference; explicitFileType = wrapper.application; includeInIndex = 0; path = NotchMove.app; sourceTree = BUILT_PRODUCTS_DIR; };
		DB848D5D2F906A3300DF8471 /* NotchMoveTests.xctest */ = {isa = PBXFileReference; explicitFileType = wrapper.cfbundle; includeInIndex = 0; path = NotchMoveTests.xctest; sourceTree = BUILT_PRODUCTS_DIR; };
		DB848D672F906A3300DF8471 /* NotchMoveUITests.xctest */ = {isa = PBXFileReference; explicitFileType = wrapper.cfbundle; includeInIndex = 0; path = NotchMoveUITests.xctest; sourceTree = BUILT_PRODUCTS_DIR; };
/* End PBXFileReference section */

/* Begin PBXFileSystemSynchronizedRootGroup section */
		DB848D502F906A3100DF8471 /* NotchMove */ = {
			isa = PBXFileSystemSynchronizedRootGroup;
			path = NotchMove;
			sourceTree = "<group>";
		};
		DB848D602F906A3300DF8471 /* NotchMoveTests */ = {
			isa = PBXFileSystemSynchronizedRootGroup;
			path = NotchMoveTests;
			sourceTree = "<group>";
		};
		DB848D6A2F906A3300DF8471 /* NotchMoveUITests */ = {
			isa = PBXFileSystemSynchronizedRootGroup;
			path = NotchMoveUITests;
			sourceTree = "<group>";
		};
/* End PBXFileSystemSynchronizedRootGroup section */

/* Begin PBXFrameworksBuildPhase section */
		DB848D4B2F906A3100DF8471 /* Frameworks */ = {
			isa = PBXFrameworksBuildPhase;
			buildActionMask = 2147483647;
			files = (
				D0A1B2C3D4E5F6012345678B /* WhisperKit in Frameworks */,
			);
			runOnlyForDeploymentPostprocessing = 0;
		};
		DB848D5A2F906A3300DF8471 /* Frameworks */ = {
			isa = PBXFrameworksBuildPhase;
			buildActionMask = 2147483647;
			files = (
			);
			runOnlyForDeploymentPostprocessing = 0;
		};
		DB848D642F906A3300DF8471 /* Frameworks */ = {
			isa = PBXFrameworksBuildPhase;
			buildActionMask = 2147483647;
			files = (
			);
			runOnlyForDeploymentPostprocessing = 0;
		};
/* End PBXFrameworksBuildPhase section */

/* Begin PBXGroup section */
		DB848D452F906A3100DF8471 = {
			isa = PBXGroup;
			children = (
				DB848D502F906A3100DF8471 /* NotchMove */,
				DB848D602F906A3300DF8471 /* NotchMoveTests */,
				DB848D6A2F906A3300DF8471 /* NotchMoveUITests */,
				DB848D4F2F906A3100DF8471 /* Products */,
			);
			sourceTree = "<group>";
		};
		DB848D4F2F906A3100DF8471 /* Products */ = {
			isa = PBXGroup;
			children = (
				DB848D4E2F906A3100DF8471 /* NotchMove.app */,
				DB848D5D2F906A3300DF8471 /* NotchMoveTests.xctest */,
				DB848D672F906A3300DF8471 /* NotchMoveUITests.xctest */,
			);
			name = Products;
			sourceTree = "<group>";
		};
/* End PBXGroup section */

/* Begin PBXNativeTarget section */
		DB848D4D2F906A3100DF8471 /* NotchMove */ = {
			isa = PBXNativeTarget;
			buildConfigurationList = DB848D712F906A3300DF8471 /* Build configuration list for PBXNativeTarget "NotchMove" */;
			buildPhases = (
				DB848D4A2F906A3100DF8471 /* Sources */,
				DB848D4B2F906A3100DF8471 /* Frameworks */,
				DB848D4C2F906A3100DF8471 /* Resources */,
			);
			buildRules = (
			);
			dependencies = (
			);
			fileSystemSynchronizedGroups = (
				DB848D502F906A3100DF8471 /* NotchMove */,
			);
			name = NotchMove;
			packageProductDependencies = (
				D0A1B2C3D4E5F6012345678A /* WhisperKit */,
			);
			productName = NotchMove;
			productReference = DB848D4E2F906A3100DF8471 /* NotchMove.app */;
			productType = "com.apple.product-type.application";
		};
		DB848D5C2F906A3300DF8471 /* NotchMoveTests */ = {
			isa = PBXNativeTarget;
			buildConfigurationList = DB848D742F906A3300DF8471 /* Build configuration list for PBXNativeTarget "NotchMoveTests" */;
			buildPhases = (
				DB848D592F906A3300DF8471 /* Sources */,
				DB848D5A2F906A3300DF8471 /* Frameworks */,
				DB848D5B2F906A3300DF8471 /* Resources */,
			);
			buildRules = (
			);
			dependencies = (
				DB848D5F2F906A3300DF8471 /* PBXTargetDependency */,
			);
			fileSystemSynchronizedGroups = (
				DB848D602F906A3300DF8471 /* NotchMoveTests */,
			);
			name = NotchMoveTests;
			packageProductDependencies = (
			);
			productName = NotchMoveTests;
			productReference = DB848D5D2F906A3300DF8471 /* NotchMoveTests.xctest */;
			productType = "com.apple.product-type.bundle.unit-test";
		};
		DB848D662F906A3300DF8471 /* NotchMoveUITests */ = {
			isa = PBXNativeTarget;
			buildConfigurationList = DB848D772F906A3300DF8471 /* Build configuration list for PBXNativeTarget "NotchMoveUITests" */;
			buildPhases = (
				DB848D632F906A3300DF8471 /* Sources */,
				DB848D642F906A3300DF8471 /* Frameworks */,
				DB848D652F906A3300DF8471 /* Resources */,
			);
			buildRules = (
			);
			dependencies = (
				DB848D692F906A3300DF8471 /* PBXTargetDependency */,
			);
			fileSystemSynchronizedGroups = (
				DB848D6A2F906A3300DF8471 /* NotchMoveUITests */,
			);
			name = NotchMoveUITests;
			packageProductDependencies = (
			);
			productName = NotchMoveUITests;
			productReference = DB848D672F906A3300DF8471 /* NotchMoveUITests.xctest */;
			productType = "com.apple.product-type.bundle.ui-testing";
		};
/* End PBXNativeTarget section */

/* Begin PBXProject section */
		DB848D462F906A3100DF8471 /* Project object */ = {
			isa = PBXProject;
			attributes = {
				BuildIndependentTargetsInParallel = 1;
				LastSwiftUpdateCheck = 2620;
				LastUpgradeCheck = 2620;
				TargetAttributes = {
					DB848D4D2F906A3100DF8471 = {
						CreatedOnToolsVersion = 26.2;
					};
					DB848D5C2F906A3300DF8471 = {
						CreatedOnToolsVersion = 26.2;
						TestTargetID = DB848D4D2F906A3100DF8471;
					};
					DB848D662F906A3300DF8471 = {
						CreatedOnToolsVersion = 26.2;
						TestTargetID = DB848D4D2F906A3100DF8471;
					};
				};
			};
			buildConfigurationList = DB848D492F906A3100DF8471 /* Build configuration list for PBXProject "NotchMove" */;
			developmentRegion = en;
			hasScannedForEncodings = 0;
			knownRegions = (
				en,
				Base,
				"zh-Hans",
				ja,
				"zh-Hant",
			);
			mainGroup = DB848D452F906A3100DF8471;
			minimizedProjectReferenceProxies = 1;
			packageReferences = (
				D0A1B2C3D4E5F60123456789 /* XCRemoteSwiftPackageReference "argmax-oss-swift" */,
			);
			preferredProjectObjectVersion = 77;
			productRefGroup = DB848D4F2F906A3100DF8471 /* Products */;
			projectDirPath = "";
			projectRoot = "";
			targets = (
				DB848D4D2F906A3100DF8471 /* NotchMove */,
				DB848D5C2F906A3300DF8471 /* NotchMoveTests */,
				DB848D662F906A3300DF8471 /* NotchMoveUITests */,
			);
		};
/* End PBXProject section */

/* Begin PBXResourcesBuildPhase section */
		DB848D4C2F906A3100DF8471 /* Resources */ = {
			isa = PBXResourcesBuildPhase;
			buildActionMask = 2147483647;
			files = (
			);
			runOnlyForDeploymentPostprocessing = 0;
		};
		DB848D5B2F906A3300DF8471 /* Resources */ = {
			isa = PBXResourcesBuildPhase;
			buildActionMask = 2147483647;
			files = (
			);
			runOnlyForDeploymentPostprocessing = 0;
		};
		DB848D652F906A3300DF8471 /* Resources */ = {
			isa = PBXResourcesBuildPhase;
			buildActionMask = 2147483647;
			files = (
			);
			runOnlyForDeploymentPostprocessing = 0;
		};
/* End PBXResourcesBuildPhase section */

/* Begin PBXSourcesBuildPhase section */
		DB848D4A2F906A3100DF8471 /* Sources */ = {
			isa = PBXSourcesBuildPhase;
			buildActionMask = 2147483647;
			files = (
			);
			runOnlyForDeploymentPostprocessing = 0;
		};
		DB848D592F906A3300DF8471 /* Sources */ = {
			isa = PBXSourcesBuildPhase;
			buildActionMask = 2147483647;
			files = (
			);
			runOnlyForDeploymentPostprocessing = 0;
		};
		DB848D632F906A3300DF8471 /* Sources */ = {
			isa = PBXSourcesBuildPhase;
			buildActionMask = 2147483647;
			files = (
			);
			runOnlyForDeploymentPostprocessing = 0;
		};
/* End PBXSourcesBuildPhase section */

/* Begin PBXTargetDependency section */
		DB848D5F2F906A3300DF8471 /* PBXTargetDependency */ = {
			isa = PBXTargetDependency;
			target = DB848D4D2F906A3100DF8471 /* NotchMove */;
			targetProxy = DB848D5E2F906A3300DF8471 /* PBXContainerItemProxy */;
		};
		DB848D692F906A3300DF8471 /* PBXTargetDependency */ = {
			isa = PBXTargetDependency;
			target = DB848D4D2F906A3100DF8471 /* NotchMove */;
			targetProxy = DB848D682F906A3300DF8471 /* PBXContainerItemProxy */;
		};
/* End PBXTargetDependency section */

/* Begin XCBuildConfiguration section */
		DB848D6F2F906A3300DF8471 /* Debug */ = {
			isa = XCBuildConfiguration;
			buildSettings = {
				ALWAYS_SEARCH_USER_PATHS = NO;
				ASSETCATALOG_COMPILER_GENERATE_SWIFT_ASSET_SYMBOL_EXTENSIONS = YES;
				CLANG_ANALYZER_NONNULL = YES;
				CLANG_ANALYZER_NUMBER_OBJECT_CONVERSION = YES_AGGRESSIVE;
				CLANG_CXX_LANGUAGE_STANDARD = "gnu++20";
				CLANG_ENABLE_MODULES = YES;
				CLANG_ENABLE_OBJC_ARC = YES;
				CLANG_ENABLE_OBJC_WEAK = YES;
				CLANG_WARN_BLOCK_CAPTURE_AUTORELEASING = YES;
				CLANG_WARN_BOOL_CONVERSION = YES;
				CLANG_WARN_COMMA = YES;
				CLANG_WARN_CONSTANT_CONVERSION = YES;
				CLANG_WARN_DEPRECATED_OBJC_IMPLEMENTATIONS = YES;
				CLANG_WARN_DIRECT_OBJC_ISA_USAGE = YES_ERROR;
				CLANG_WARN_DOCUMENTATION_COMMENTS = YES;
				CLANG_WARN_EMPTY_BODY = YES;
				CLANG_WARN_ENUM_CONVERSION = YES;
				CLANG_WARN_INFINITE_RECURSION = YES;
				CLANG_WARN_INT_CONVERSION = YES;
				CLANG_WARN_NON_LITERAL_NULL_CONVERSION = YES;
				CLANG_WARN_OBJC_IMPLICIT_RETAIN_SELF = YES;
				CLANG_WARN_OBJC_LITERAL_CONVERSION = YES;
				CLANG_WARN_OBJC_ROOT_CLASS = YES_ERROR;
				CLANG_WARN_QUOTED_INCLUDE_IN_FRAMEWORK_HEADER = YES;
				CLANG_WARN_RANGE_LOOP_ANALYSIS = YES;
				CLANG_WARN_STRICT_PROTOTYPES = YES;
				CLANG_WARN_SUSPICIOUS_MOVE = YES;
				CLANG_WARN_UNGUARDED_AVAILABILITY = YES_AGGRESSIVE;
				CLANG_WARN_UNREACHABLE_CODE = YES;
				CLANG_WARN__DUPLICATE_METHOD_MATCH = YES;
				COPY_PHASE_STRIP = NO;
				DEBUG_INFORMATION_FORMAT = dwarf;
				DEVELOPMENT_TEAM = PFZC7ULP8P;
				ENABLE_STRICT_OBJC_MSGSEND = YES;
				ENABLE_TESTABILITY = YES;
				ENABLE_USER_SCRIPT_SANDBOXING = YES;
				GCC_C_LANGUAGE_STANDARD = gnu17;
				GCC_DYNAMIC_NO_PIC = NO;
				GCC_NO_COMMON_BLOCKS = YES;
				GCC_OPTIMIZATION_LEVEL = 0;
				GCC_PREPROCESSOR_DEFINITIONS = (
					"DEBUG=1",
					"$(inherited)",
				);
				GCC_WARN_64_TO_32_BIT_CONVERSION = YES;
				GCC_WARN_ABOUT_RETURN_TYPE = YES_ERROR;
				GCC_WARN_UNDECLARED_SELECTOR = YES;
				GCC_WARN_UNINITIALIZED_AUTOS = YES_AGGRESSIVE;
				GCC_WARN_UNUSED_FUNCTION = YES;
				GCC_WARN_UNUSED_VARIABLE = YES;
				LOCALIZATION_PREFERS_STRING_CATALOGS = YES;
				MACOSX_DEPLOYMENT_TARGET = 26.2;
				MTL_ENABLE_DEBUG_INFO = INCLUDE_SOURCE;
				MTL_FAST_MATH = YES;
				ONLY_ACTIVE_ARCH = YES;
				SDKROOT = macosx;
				SWIFT_ACTIVE_COMPILATION_CONDITIONS = "DEBUG $(inherited)";
				SWIFT_OPTIMIZATION_LEVEL = "-Onone";
			};
			name = Debug;
		};
		DB848D702F906A3300DF8471 /* Release */ = {
			isa = XCBuildConfiguration;
			buildSettings = {
				ALWAYS_SEARCH_USER_PATHS = NO;
				ASSETCATALOG_COMPILER_GENERATE_SWIFT_ASSET_SYMBOL_EXTENSIONS = YES;
				CLANG_ANALYZER_NONNULL = YES;
				CLANG_ANALYZER_NUMBER_OBJECT_CONVERSION = YES_AGGRESSIVE;
				CLANG_CXX_LANGUAGE_STANDARD = "gnu++20";
				CLANG_ENABLE_MODULES = YES;
				CLANG_ENABLE_OBJC_ARC = YES;
				CLANG_ENABLE_OBJC_WEAK = YES;
				CLANG_WARN_BLOCK_CAPTURE_AUTORELEASING = YES;
				CLANG_WARN_BOOL_CONVERSION = YES;
				CLANG_WARN_COMMA = YES;
				CLANG_WARN_CONSTANT_CONVERSION = YES;
				CLANG_WARN_DEPRECATED_OBJC_IMPLEMENTATIONS = YES;
				CLANG_WARN_DIRECT_OBJC_ISA_USAGE = YES_ERROR;
				CLANG_WARN_DOCUMENTATION_COMMENTS = YES;
				CLANG_WARN_EMPTY_BODY = YES;
				CLANG_WARN_ENUM_CONVERSION = YES;
				CLANG_WARN_INFINITE_RECURSION = YES;
				CLANG_WARN_INT_CONVERSION = YES;
				CLANG_WARN_NON_LITERAL_NULL_CONVERSION = YES;
				CLANG_WARN_OBJC_IMPLICIT_RETAIN_SELF = YES;
				CLANG_WARN_OBJC_LITERAL_CONVERSION = YES;
				CLANG_WARN_OBJC_ROOT_CLASS = YES_ERROR;
				CLANG_WARN_QUOTED_INCLUDE_IN_FRAMEWORK_HEADER = YES;
				CLANG_WARN_RANGE_LOOP_ANALYSIS = YES;
				CLANG_WARN_STRICT_PROTOTYPES = YES;
				CLANG_WARN_SUSPICIOUS_MOVE = YES;
				CLANG_WARN_UNGUARDED_AVAILABILITY = YES_AGGRESSIVE;
				CLANG_WARN_UNREACHABLE_CODE = YES;
				CLANG_WARN__DUPLICATE_METHOD_MATCH = YES;
				COPY_PHASE_STRIP = NO;
				DEBUG_INFORMATION_FORMAT = "dwarf-with-dsym";
				DEVELOPMENT_TEAM = PFZC7ULP8P;
				ENABLE_NS_ASSERTIONS = NO;
				ENABLE_STRICT_OBJC_MSGSEND = YES;
				ENABLE_USER_SCRIPT_SANDBOXING = YES;
				GCC_C_LANGUAGE_STANDARD = gnu17;
				GCC_NO_COMMON_BLOCKS = YES;
				GCC_WARN_64_TO_32_BIT_CONVERSION = YES;
				GCC_WARN_ABOUT_RETURN_TYPE = YES_ERROR;
				GCC_WARN_UNDECLARED_SELECTOR = YES;
				GCC_WARN_UNINITIALIZED_AUTOS = YES_AGGRESSIVE;
				GCC_WARN_UNUSED_FUNCTION = YES;
				GCC_WARN_UNUSED_VARIABLE = YES;
				LOCALIZATION_PREFERS_STRING_CATALOGS = YES;
				MACOSX_DEPLOYMENT_TARGET = 26.2;
				MTL_ENABLE_DEBUG_INFO = NO;
				MTL_FAST_MATH = YES;
				SDKROOT = macosx;
				SWIFT_COMPILATION_MODE = wholemodule;
			};
			name = Release;
		};
		DB848D722F906A3300DF8471 /* Debug */ = {
			isa = XCBuildConfiguration;
			buildSettings = {
				ASSETCATALOG_COMPILER_APPICON_NAME = AppIcon;
				ASSETCATALOG_COMPILER_GLOBAL_ACCENT_COLOR_NAME = AccentColor;
				CODE_SIGN_ENTITLEMENTS = NotchMove/NotchMove.entitlements;
				CODE_SIGN_STYLE = Automatic;
				COMBINE_HIDPI_IMAGES = YES;
				CURRENT_PROJECT_VERSION = 1;
				DEVELOPMENT_TEAM = PFZC7ULP8P;
				ENABLE_APP_SANDBOX = YES;
				ENABLE_HARDENED_RUNTIME = YES;
				ENABLE_PREVIEWS = YES;
				ENABLE_USER_SELECTED_FILES = readonly;
				GENERATE_INFOPLIST_FILE = YES;
				INFOPLIST_KEY_LSUIElement = YES;
				INFOPLIST_KEY_NSHumanReadableCopyright = "";
				INFOPLIST_KEY_NSMicrophoneUsageDescription = "NotchMove records audio only when you start AI schedule capture.";
				INFOPLIST_KEY_NSSpeechRecognitionUsageDescription = "NotchMove uses Apple Speech only when you choose Apple Speech for AI schedule capture.";
				LD_RUNPATH_SEARCH_PATHS = (
					"$(inherited)",
					"@executable_path/../Frameworks",
				);
				MARKETING_VERSION = 1.0;
				PRODUCT_BUNDLE_IDENTIFIER = com.thomaschiu.developer.NotchMove;
				PRODUCT_NAME = "$(TARGET_NAME)";
				REGISTER_APP_GROUPS = YES;
				STRING_CATALOG_GENERATE_SYMBOLS = YES;
				SWIFT_APPROACHABLE_CONCURRENCY = YES;
				SWIFT_DEFAULT_ACTOR_ISOLATION = MainActor;
				SWIFT_EMIT_LOC_STRINGS = YES;
				SWIFT_UPCOMING_FEATURE_MEMBER_IMPORT_VISIBILITY = YES;
				SWIFT_VERSION = 6.0;
			};
			name = Debug;
		};
		DB848D732F906A3300DF8471 /* Release */ = {
			isa = XCBuildConfiguration;
			buildSettings = {
				ASSETCATALOG_COMPILER_APPICON_NAME = AppIcon;
				ASSETCATALOG_COMPILER_GLOBAL_ACCENT_COLOR_NAME = AccentColor;
				CODE_SIGN_ENTITLEMENTS = NotchMove/NotchMove.entitlements;
				CODE_SIGN_STYLE = Automatic;
				COMBINE_HIDPI_IMAGES = YES;
				CURRENT_PROJECT_VERSION = 1;
				DEVELOPMENT_TEAM = PFZC7ULP8P;
				ENABLE_APP_SANDBOX = YES;
				ENABLE_HARDENED_RUNTIME = YES;
				ENABLE_PREVIEWS = YES;
				ENABLE_USER_SELECTED_FILES = readonly;
				GENERATE_INFOPLIST_FILE = YES;
				INFOPLIST_KEY_LSUIElement = YES;
				INFOPLIST_KEY_NSHumanReadableCopyright = "";
				INFOPLIST_KEY_NSMicrophoneUsageDescription = "NotchMove records audio only when you start AI schedule capture.";
				INFOPLIST_KEY_NSSpeechRecognitionUsageDescription = "NotchMove uses Apple Speech only when you choose Apple Speech for AI schedule capture.";
				LD_RUNPATH_SEARCH_PATHS = (
					"$(inherited)",
					"@executable_path/../Frameworks",
				);
				MARKETING_VERSION = 1.0;
				PRODUCT_BUNDLE_IDENTIFIER = com.thomaschiu.developer.NotchMove;
				PRODUCT_NAME = "$(TARGET_NAME)";
				REGISTER_APP_GROUPS = YES;
				STRING_CATALOG_GENERATE_SYMBOLS = YES;
				SWIFT_APPROACHABLE_CONCURRENCY = YES;
				SWIFT_DEFAULT_ACTOR_ISOLATION = MainActor;
				SWIFT_EMIT_LOC_STRINGS = YES;
				SWIFT_UPCOMING_FEATURE_MEMBER_IMPORT_VISIBILITY = YES;
				SWIFT_VERSION = 6.0;
			};
			name = Release;
		};
		DB848D752F906A3300DF8471 /* Debug */ = {
			isa = XCBuildConfiguration;
			buildSettings = {
				BUNDLE_LOADER = "$(TEST_HOST)";
				CODE_SIGN_STYLE = Automatic;
				CURRENT_PROJECT_VERSION = 1;
				DEVELOPMENT_TEAM = PFZC7ULP8P;
				GENERATE_INFOPLIST_FILE = YES;
				MACOSX_DEPLOYMENT_TARGET = 26.2;
				MARKETING_VERSION = 1.0;
				PRODUCT_BUNDLE_IDENTIFIER = com.thomaschiu.developer.NotchMoveTests;
				PRODUCT_NAME = "$(TARGET_NAME)";
				STRING_CATALOG_GENERATE_SYMBOLS = NO;
				SWIFT_APPROACHABLE_CONCURRENCY = YES;
				SWIFT_EMIT_LOC_STRINGS = NO;
				SWIFT_UPCOMING_FEATURE_MEMBER_IMPORT_VISIBILITY = YES;
				SWIFT_VERSION = 6.0;
				TEST_HOST = "$(BUILT_PRODUCTS_DIR)/NotchMove.app/$(BUNDLE_EXECUTABLE_FOLDER_PATH)/NotchMove";
			};
			name = Debug;
		};
		DB848D762F906A3300DF8471 /* Release */ = {
			isa = XCBuildConfiguration;
			buildSettings = {
				BUNDLE_LOADER = "$(TEST_HOST)";
				CODE_SIGN_STYLE = Automatic;
				CURRENT_PROJECT_VERSION = 1;
				DEVELOPMENT_TEAM = PFZC7ULP8P;
				GENERATE_INFOPLIST_FILE = YES;
				MACOSX_DEPLOYMENT_TARGET = 26.2;
				MARKETING_VERSION = 1.0;
				PRODUCT_BUNDLE_IDENTIFIER = com.thomaschiu.developer.NotchMoveTests;
				PRODUCT_NAME = "$(TARGET_NAME)";
				STRING_CATALOG_GENERATE_SYMBOLS = NO;
				SWIFT_APPROACHABLE_CONCURRENCY = YES;
				SWIFT_EMIT_LOC_STRINGS = NO;
				SWIFT_UPCOMING_FEATURE_MEMBER_IMPORT_VISIBILITY = YES;
				SWIFT_VERSION = 6.0;
				TEST_HOST = "$(BUILT_PRODUCTS_DIR)/NotchMove.app/$(BUNDLE_EXECUTABLE_FOLDER_PATH)/NotchMove";
			};
			name = Release;
		};
		DB848D782F906A3300DF8471 /* Debug */ = {
			isa = XCBuildConfiguration;
			buildSettings = {
				CODE_SIGN_STYLE = Automatic;
				CURRENT_PROJECT_VERSION = 1;
				DEVELOPMENT_TEAM = PFZC7ULP8P;
				GENERATE_INFOPLIST_FILE = YES;
				MARKETING_VERSION = 1.0;
				PRODUCT_BUNDLE_IDENTIFIER = com.thomaschiu.developer.NotchMoveUITests;
				PRODUCT_NAME = "$(TARGET_NAME)";
				STRING_CATALOG_GENERATE_SYMBOLS = NO;
				SWIFT_APPROACHABLE_CONCURRENCY = YES;
				SWIFT_EMIT_LOC_STRINGS = NO;
				SWIFT_UPCOMING_FEATURE_MEMBER_IMPORT_VISIBILITY = YES;
				SWIFT_VERSION = 6.0;
				TEST_TARGET_NAME = NotchMove;
			};
			name = Debug;
		};
		DB848D792F906A3300DF8471 /* Release */ = {
			isa = XCBuildConfiguration;
			buildSettings = {
				CODE_SIGN_STYLE = Automatic;
				CURRENT_PROJECT_VERSION = 1;
				DEVELOPMENT_TEAM = PFZC7ULP8P;
				GENERATE_INFOPLIST_FILE = YES;
				MARKETING_VERSION = 1.0;
				PRODUCT_BUNDLE_IDENTIFIER = com.thomaschiu.developer.NotchMoveUITests;
				PRODUCT_NAME = "$(TARGET_NAME)";
				STRING_CATALOG_GENERATE_SYMBOLS = NO;
				SWIFT_APPROACHABLE_CONCURRENCY = YES;
				SWIFT_EMIT_LOC_STRINGS = NO;
				SWIFT_UPCOMING_FEATURE_MEMBER_IMPORT_VISIBILITY = YES;
				SWIFT_VERSION = 6.0;
				TEST_TARGET_NAME = NotchMove;
			};
			name = Release;
		};
/* End XCBuildConfiguration section */

/* Begin XCConfigurationList section */
		DB848D492F906A3100DF8471 /* Build configuration list for PBXProject "NotchMove" */ = {
			isa = XCConfigurationList;
			buildConfigurations = (
				DB848D6F2F906A3300DF8471 /* Debug */,
				DB848D702F906A3300DF8471 /* Release */,
			);
			defaultConfigurationIsVisible = 0;
			defaultConfigurationName = Release;
		};
		DB848D712F906A3300DF8471 /* Build configuration list for PBXNativeTarget "NotchMove" */ = {
			isa = XCConfigurationList;
			buildConfigurations = (
				DB848D722F906A3300DF8471 /* Debug */,
				DB848D732F906A3300DF8471 /* Release */,
			);
			defaultConfigurationIsVisible = 0;
			defaultConfigurationName = Release;
		};
		DB848D742F906A3300DF8471 /* Build configuration list for PBXNativeTarget "NotchMoveTests" */ = {
			isa = XCConfigurationList;
			buildConfigurations = (
				DB848D752F906A3300DF8471 /* Debug */,
				DB848D762F906A3300DF8471 /* Release */,
			);
			defaultConfigurationIsVisible = 0;
			defaultConfigurationName = Release;
		};
		DB848D772F906A3300DF8471 /* Build configuration list for PBXNativeTarget "NotchMoveUITests" */ = {
			isa = XCConfigurationList;
			buildConfigurations = (
				DB848D782F906A3300DF8471 /* Debug */,
				DB848D792F906A3300DF8471 /* Release */,
			);
			defaultConfigurationIsVisible = 0;
			defaultConfigurationName = Release;
		};
/* End XCConfigurationList section */

/* Begin XCRemoteSwiftPackageReference section */
		D0A1B2C3D4E5F60123456789 /* XCRemoteSwiftPackageReference "argmax-oss-swift" */ = {
			isa = XCRemoteSwiftPackageReference;
			repositoryURL = "https://github.com/argmaxinc/argmax-oss-swift.git";
			requirement = {
				kind = upToNextMajorVersion;
				minimumVersion = 0.18.0;
			};
		};
/* End XCRemoteSwiftPackageReference section */

/* Begin XCSwiftPackageProductDependency section */
		D0A1B2C3D4E5F6012345678A /* WhisperKit */ = {
			isa = XCSwiftPackageProductDependency;
			package = D0A1B2C3D4E5F60123456789 /* XCRemoteSwiftPackageReference "argmax-oss-swift" */;
			productName = WhisperKit;
		};
/* End XCSwiftPackageProductDependency section */
	};
	rootObject = DB848D462F906A3100DF8471 /* Project object */;
}
